// !$*UTF8*$!
{
	archiveVersion = 1;
	classes = {
	};
	objectVersion = 46;
	objects = {

/* Begin PBXBuildFile section */
		3288DB2C1D4EABBA001A80B9 /* AppDelegate.swift in Sources */ = {isa = PBXBuildFile; fileRef = 3288DB2B1D4EABBA001A80B9 /* AppDelegate.swift */; };
		3288DB2E1D4EABBA001A80B9 /* ViewController.swift in Sources */ = {isa = PBXBuildFile; fileRef = 3288DB2D1D4EABBA001A80B9 /* ViewController.swift */; };
		3288DB311D4EABBA001A80B9 /* Main.storyboard in Resources */ = {isa = PBXBuildFile; fileRef = 3288DB2F1D4EABBA001A80B9 /* Main.storyboard */; };
		3288DB331D4EABBA001A80B9 /* Assets.xcassets in Resources */ = {isa = PBXBuildFile; fileRef = 3288DB321D4EABBA001A80B9 /* Assets.xcassets */; };
		3288DB361D4EABBA001A80B9 /* LaunchScreen.storyboard in Resources */ = {isa = PBXBuildFile; fileRef = 3288DB341D4EABBA001A80B9 /* LaunchScreen.storyboard */; };
/* End PBXBuildFile section */

/* Begin PBXFileReference section */
		3288DB281D4EABB9001A80B9 /* Math Game.app */ = {isa = PBXFileReference; explicitFileType = wrapper.application; includeInIndex = 0; path = "Math Game.app"; sourceTree = BUILT_PRODUCTS_DIR; };
		3288DB2B1D4EABBA001A80B9 /* AppDelegate.swift */ = {isa = PBXFileReference; lastKnownFileType = sourcecode.swift; path = AppDelegate.swift; sourceTree = "<group>"; };
		3288DB2D1D4EABBA001A80B9 /* ViewController.swift */ = {isa = PBXFileReference; lastKnownFileType = sourcecode.swift; path = ViewController.swift; sourceTree = "<group>"; };
		3288DB301D4EABBA001A80B9 /* Base */ = {isa = PBXFileReference; lastKnownFileType = file.storyboard; name = Base; path = Base.lproj/Main.storyboard; sourceTree = "<group>"; };
		3288DB321D4EABBA001A80B9 /* Assets.xcassets */ = {isa = PBXFileReference; lastKnownFileType = folder.assetcatalog; path = Assets.xcassets; sourceTree = "<group>"; };
		3288DB351D4EABBA001A80B9 /* Base */ = {isa = PBXFileReference; lastKnownFileType = file.storyboard; name = Base; path = Base.lproj/LaunchScreen.storyboard; sourceTree = "<group>"; };
		3288DB371D4EABBA001A80B9 /* Info.plist */ = {isa = PBXFileReference; lastKnownFileType = text.plist.xml; path = Info.plist; sourceTree = "<group>"; };
/* End PBXFileReference section */

/* Begin PBXFrameworksBuildPhase section */
		3288DB251D4EABB9001A80B9 /* Frameworks */ = {
			isa = PBXFrameworksBuildPhase;
			buildActionMask = 2147483647;
			files = (
			);
			runOnlyForDeploymentPostprocessing = 0;
		};
/* End PBXFrameworksBuildPhase section */

/* Begin PBXGroup section */
		3288DB1F1D4EABB9001A80B9 = {
			isa = PBXGroup;
			children = (
				3288DB2A1D4EABB9001A80B9 /* Math Game */,
				3288DB291D4EABB9001A80B9 /* Products */,
			);
			sourceTree = "<group>";
		};
		3288DB291D4EABB9001A80B9 /* Products */ = {
			isa = PBXGroup;
			children = (
				3288DB281D4EABB9001A80B9 /* Math Game.app */,
			);
			name = Products;
			sourceTree = "<group>";
		};
		3288DB2A1D4EABB9001A80B9 /* Math Game */ = {
			isa = PBXGroup;
			children = (
				3288DB2B1D4EABBA001A80B9 /* AppDelegate.swift */,
				3288DB2D1D4EABBA001A80B9 /* ViewController.swift */,
				3288DB2F1D4EABBA001A80B9 /* Main.storyboard */,
				3288DB321D4EABBA001A80B9 /* Assets.xcassets */,
				3288DB341D4EABBA001A80B9 /* LaunchScreen.storyboard */,
				3288DB371D4EABBA001A80B9 /* Info.plist */,
			);
			path = "Math Game";
			sourceTree = "<group>";
		};
/* End PBXGroup section */

/* Begin PBXNativeTarget section */
		3288DB271D4EABB9001A80B9 /* Math Game */ = {
			isa = PBXNativeTarget;
			buildConfigurationList = 3288DB3A1D4EABBA001A80B9 /* Build configuration list for PBXNativeTarget "Math Game" */;
			buildPhases = (
				3288DB241D4EABB9001A80B9 /* Sources */,
				3288DB251D4EABB9001A80B9 /* Frameworks */,
				3288DB261D4EABB9001A80B9 /* Resources */,
			);
			buildRules = (
			);
			dependencies = (
			);
			name = "Math Game";
			productName = "Math Game";
			productReference = 3288DB281D4EABB9001A80B9 /* Math Game.app */;
			productType = "com.apple.product-type.application";
		};
/* End PBXNativeTarget section */

/* Begin PBXProject section */
		3288DB201D4EABB9001A80B9 /* Project object */ = {
			isa = PBXProject;
			attributes = {
				LastSwiftUpdateCheck = 0730;
				LastUpgradeCheck = 0730;
				ORGANIZATIONNAME = "David Thurman";
				TargetAttributes = {
					3288DB271D4EABB9001A80B9 = {
						CreatedOnToolsVersion = 7.3.1;
					};
				};
			};
			buildConfigurationList = 3288DB231D4EABB9001A80B9 /* Build configuration list for PBXProject "Math Game" */;
			compatibilityVersion = "Xcode 3.2";
			developmentRegion = English;
			hasScannedForEncodings = 0;
			knownRegions = (
				en,
				Base,
			);
			mainGroup = 3288DB1F1D4EABB9001A80B9;
			productRefGroup = 3288DB291D4EABB9001A80B9 /* Products */;
			projectDirPath = "";
			projectRoot = "";
			targets = (
				3288DB271D4EABB9001A80B9 /* Math Game */,
			);
		};
/* End PBXProject section */

/* Begin PBXResourcesBuildPhase section */
		3288DB261D4EABB9001A80B9 /* Resources */ = {
			isa = PBXResourcesBuildPhase;
			buildActionMask = 2147483647;
			files = (
				3288DB361D4EABBA001A80B9 /* LaunchScreen.storyboard in Resources */,
				3288DB331D4EABBA001A80B9 /* Assets.xcassets in Resources */,
				3288DB311D4EABBA001A80B9 /* Main.storyboard in Resources */,
			);
			runOnlyForDeploymentPostprocessing = 0;
		};
/* End PBXResourcesBuildPhase section */

/* Begin PBXSourcesBuildPhase section */
		3288DB241D4EABB9001A80B9 /* Sources */ = {
			isa = PBXSourcesBuildPhase;
			buildActionMask = 2147483647;
			files = (
				3288DB2E1D4EABBA001A80B9 /* ViewController.swift in Sources */,
				3288DB2C1D4EABBA001A80B9 /* AppDelegate.swift in Sources */,
			);
			runOnlyForDeploymentPostprocessing = 0;
		};
/* End PBXSourcesBuildPhase section */

/* Begin PBXVariantGroup section */
		3288DB2F1D4EABBA001A80B9 /* Main.storyboard */ = {
			isa = PBXVariantGroup;
			children = (
				3288DB301D4EABBA001A80B9 /* Base */,
			);
			name = Main.storyboard;
			sourceTree = "<group>";
		};
		3288DB341D4EABBA001A80B9 /* LaunchScreen.storyboard */ = {
			isa = PBXVariantGroup;
			children = (
				3288DB351D4EABBA001A80B9 /* Base */,
			);
			name = LaunchScreen.storyboard;
			sourceTree = "<group>";
		};
/* End PBXVariantGroup section */

/* Begin XCBuildConfiguration section */
		3288DB381D4EABBA001A80B9 /* Debug */ = {
			isa = XCBuildConfiguration;
			buildSettings = {
				ALWAYS_SEARCH_USER_PATHS = NO;
				CLANG_ANALYZER_NONNULL = YES;
				CLANG_CXX_LANGUAGE_STANDARD = "gnu++0x";
				CLANG_CXX_LIBRARY = "libc++";
				CLANG_ENABLE_MODULES = YES;
				CLANG_ENABLE_OBJC_ARC = YES;
				CLANG_WARN_BOOL_CONVERSION = YES;
				CLANG_WARN_CONSTANT_CONVERSION = YES;
				CLANG_WARN_DIRECT_OBJC_ISA_USAGE = YES_ERROR;
				CLANG_WARN_EMPTY_BODY = YES;
				CLANG_WARN_ENUM_CONVERSION = YES;
				CLANG_WARN_INT_CONVERSION = YES;
				CLANG_WARN_OBJC_ROOT_CLASS = YES_ERROR;
				CLANG_WARN_UNREACHABLE_CODE = YES;
				CLANG_WARN__DUPLICATE_METHOD_MATCH = YES;
				"CODE_SIGN_IDENTITY[sdk=iphoneos*]" = "iPhone Developer";
				COPY_PHASE_STRIP = NO;
				DEBUG_INFORMATION_FORMAT = dwarf;
				ENABLE_STRICT_OBJC_MSGSEND = YES;
				ENABLE_TESTABILITY = YES;
				GCC_C_LANGUAGE_STANDARD = gnu99;
				GCC_DYNAMIC_NO_PIC = NO;
				GCC_NO_COMMON_BLOCKS = YES;
				GCC_OPTIMIZATION_LEVEL = 0;
				GCC_PREPROCESSOR_DEFINITIONS = (
					"DEBUG=1",
					"$(inherited)",
				);
				GCC_WARN_64_TO_32_BIT_CONVERSION = YES;
				GCC_WARN_ABOUT_RETURN_TYPE = YES_ERROR;
				GCC_WARN_UNDECLARED_SELECTOR = YES;
				GCC_WARN_UNINITIALIZED_AUTOS = YES_AGGRESSIVE;
				GCC_WARN_UNUSED_FUNCTION = YES;
				GCC_WARN_UNUSED_VARIABLE = YES;
				IPHONEOS_DEPLOYMENT_TARGET = 9.3;
				MTL_ENABLE_DEBUG_INFO = YES;
				ONLY_ACTIVE_ARCH = YES;
				SDKROOT = iphoneos;
				SWIFT_OPTIMIZATION_LEVEL = "-Onone";
			};
			name = Debug;
		};
		3288DB391D4EABBA001A80B9 /* Release */ = {
			isa = XCBuildConfiguration;
			buildSettings = {
				ALWAYS_SEARCH_USER_PATHS = NO;
				CLANG_ANALYZER_NONNULL = YES;
				CLANG_CXX_LANGUAGE_STANDARD = "gnu++0x";
				CLANG_CXX_LIBRARY = "libc++";
				CLANG_ENABLE_MODULES = YES;
				CLANG_ENABLE_OBJC_ARC = YES;
				CLANG_WARN_BOOL_CONVERSION = YES;
				CLANG_WARN_CONSTANT_CONVERSION = YES;
				CLANG_WARN_DIRECT_OBJC_ISA_USAGE = YES_ERROR;
				CLANG_WARN_EMPTY_BODY = YES;
				CLANG_WARN_ENUM_CONVERSION = YES;
				CLANG_WARN_INT_CONVERSION = YES;
				CLANG_WARN_OBJC_ROOT_CLASS = YES_ERROR;
				CLANG_WARN_UNREACHABLE_CODE = YES;
				CLANG_WARN__DUPLICATE_METHOD_MATCH = YES;
				"CODE_SIGN_IDENTITY[sdk=iphoneos*]" = "iPhone Developer";
				COPY_PHASE_STRIP = NO;
				DEBUG_INFORMATION_FORMAT = "dwarf-with-dsym";
				ENABLE_NS_ASSERTIONS = NO;
				ENABLE_STRICT_OBJC_MSGSEND = YES;
				GCC_C_LANGUAGE_STANDARD = gnu99;
				GCC_NO_COMMON_BLOCKS = YES;
				GCC_WARN_64_TO_32_BIT_CONVERSION = YES;
				GCC_WARN_ABOUT_RETURN_TYPE = YES_ERROR;
				GCC_WARN_UNDECLARED_SELECTOR = YES;
				GCC_WARN_UNINITIALIZED_AUTOS = YES_AGGRESSIVE;
				GCC_WARN_UNUSED_FUNCTION = YES;
				GCC_WARN_UNUSED_VARIABLE = YES;
				IPHONEOS_DEPLOYMENT_TARGET = 9.3;
				MTL_ENABLE_DEBUG_INFO = NO;
				SDKROOT = iphoneos;
				VALIDATE_PRODUCT = YES;
			};
			name = Release;
		};
		3288DB3B1D4EABBA001A80B9 /* Debug */ = {
			isa = XCBuildConfiguration;
			buildSettings = {
				ASSETCATALOG_COMPILER_APPICON_NAME = AppIcon;
				INFOPLIST_FILE = "Math Game/Info.plist";
				LD_RUNPATH_SEARCH_PATHS = "$(inherited) @executable_path/Frameworks";
				PRODUCT_BUNDLE_IDENTIFIER = "com.DavidThurman.Math-Game";
				PRODUCT_NAME = "$(TARGET_NAME)";
			};
			name = Debug;
		};
		3288DB3C1D4EABBA001A80B9 /* Release */ = {
			isa = XCBuildConfiguration;
			buildSettings = {
				ASSETCATALOG_COMPILER_APPICON_NAME = AppIcon;
				INFOPLIST_FILE = "Math Game/Info.plist";
				LD_RUNPATH_SEARCH_PATHS = "$(inherited) @executable_path/Frameworks";
				PRODUCT_BUNDLE_IDENTIFIER = "com.DavidThurman.Math-Game";
				PRODUCT_NAME = "$(TARGET_NAME)";
			};
			name = Release;
		};
/* End XCBuildConfiguration section */

/* Begin XCConfigurationList section */
		3288DB231D4EABB9001A80B9 /* Build configuration list for PBXProject "Math Game" */ = {
			isa = XCConfigurationList;
			buildConfigurations = (
				3288DB381D4EABBA001A80B9 /* Debug */,
				3288DB391D4EABBA001A80B9 /* Release */,
			);
			defaultConfigurationIsVisible = 0;
			defaultConfigurationName = Release;
		};
		3288DB3A1D4EABBA001A80B9 /* Build configuration list for PBXNativeTarget "Math Game" */ = {
			isa = XCConfigurationList;
			buildConfigurations = (
				3288DB3B1D4EABBA001A80B9 /* Debug */,
				3288DB3C1D4EABBA001A80B9 /* Release */,
			);
			defaultConfigurationIsVisible = 0;
		};
/* End XCConfigurationList section */
	};
	rootObject = 3288DB201D4EABB9001A80B9 /* Project object */;
}
